
Microsoft Visual Studio Solution File, Format Version 12.00
# Visual Studio Version 17
VisualStudioVersion = 17.10.34928.147
MinimumVisualStudioVersion = 10.0.40219.1
Project("{9A19103F-16F7-4668-BE54-9A1E7A4F7556}") = "EnigmaNet", "EnigmaNet\EnigmaNet.csproj", "{48D7A176-ED86-4951-88B1-4B8C6BC12142}"
EndProject
Project("{9A19103F-16F7-4668-BE54-9A1E7A4F7556}") = "EnigmaNet.AspNet", "EnigmaNet.AspNet\EnigmaNet.AspNet.csproj", "{EE3A73DE-8E6B-42A6-8BBA-B9E740B075DB}"
EndProject
Project("{9A19103F-16F7-4668-BE54-9A1E7A4F7556}") = "EnigmaNet.RabbitMQBus", "EnigmaNet.RabbitMQBus\EnigmaNet.RabbitMQBus.csproj", "{B869FE67-8F9B-4C71-B8AB-01598B364DC6}"
EndProject
Project("{9A19103F-16F7-4668-BE54-9A1E7A4F7556}") = "EnigmaNet.Redis", "EnigmaNet.Redis\EnigmaNet.Redis.csproj", "{C8680D13-7008-4855-AB35-510A149AEC18}"
EndProject
Project("{9A19103F-16F7-4668-BE54-9A1E7A4F7556}") = "EnigmaNet.QCloud.Cos", "EnigmaNet.QCloud.Cos\EnigmaNet.QCloud.Cos.csproj", "{78095A97-B646-4352-83EE-9A24D070ECEB}"
EndProject
Project("{9A19103F-16F7-4668-BE54-9A1E7A4F7556}") = "EnigmaNet.DouYinOpenApi", "EnigmaNet.DouYinOpenApi\EnigmaNet.DouYinOpenApi.csproj", "{35ED0C0E-11C4-4B7D-BF0F-E4C4FC500A3C}"
EndProject
Project("{9A19103F-16F7-4668-BE54-9A1E7A4F7556}") = "EnigmaNet.BytedanceMicroApp", "EnigmaNet.BytedanceMicroApp\EnigmaNet.BytedanceMicroApp.csproj", "{9DB8E55A-656A-405A-8B0F-72B6CBB9CEEC}"
EndProject
Project("{9A19103F-16F7-4668-BE54-9A1E7A4F7556}") = "EnigmaNet.Bus", "EnigmaNet.Bus\EnigmaNet.Bus.csproj", "{1429FDC9-8BD6-4844-A50A-358A22AD5D3D}"
EndProject
Project("{9A19103F-16F7-4668-BE54-9A1E7A4F7556}") = "EnigmaNet.Consul", "EnigmaNet.Consul\EnigmaNet.Consul.csproj", "{FA042676-C6CC-4178-B7CC-826A87B7E6C2}"
EndProject
Project("{9A19103F-16F7-4668-BE54-9A1E7A4F7556}") = "EnigmaNet.IdGenerators", "EnigmaNet.IdGenerators\EnigmaNet.IdGenerators.csproj", "{A24BB96A-D6A6-4187-95C8-59210743B595}"
EndProject
Project("{9A19103F-16F7-4668-BE54-9A1E7A4F7556}") = "EnigmaNet.MicroserviceBus", "EnigmaNet.MicroserviceBus\EnigmaNet.MicroserviceBus.csproj", "{B8E42A1D-FF0B-4EF1-B4F1-20A018DB6475}"
EndProject
Project("{9A19103F-16F7-4668-BE54-9A1E7A4F7556}") = "EnigmaNet.QCloud.Clb", "EnigmaNet.QCloud.Clb\EnigmaNet.QCloud.Clb.csproj", "{3AD34F3C-4FDB-487D-B1EE-F151F8AC2779}"
EndProject
Project("{9A19103F-16F7-4668-BE54-9A1E7A4F7556}") = "EnigmaNet.QCloud.Cls", "EnigmaNet.QCloud.Cls\EnigmaNet.QCloud.Cls.csproj", "{E7C01341-2E39-41D0-BA5C-7EFC75AF9157}"
EndProject
Project("{9A19103F-16F7-4668-BE54-9A1E7A4F7556}") = "EnigmaNet.ElasticSearch", "EnigmaNet.ElasticSearch\EnigmaNet.ElasticSearch.csproj", "{18C9E4CC-66B2-4E97-A699-8130A908BA13}"
EndProject
Project("{FAE04EC0-301F-11D3-BF4B-00C04F79EFBC}") = "EnigmaNet.Bus.Extensions", "EnigmaNet.Bus.Extensions\EnigmaNet.Bus.Extensions.csproj", "{31B90EDE-203A-4721-85C6-4645D56FE8B0}"
EndProject
Project("{FAE04EC0-301F-11D3-BF4B-00C04F79EFBC}") = "EnigmaNet.RabbitMQBus.Extensions", "EnigmaNet.RabbitMQBus.Extensions\EnigmaNet.RabbitMQBus.Extensions.csproj", "{B54BC44D-42B7-40A0-992F-D736DA619287}"
EndProject
Project("{FAE04EC0-301F-11D3-BF4B-00C04F79EFBC}") = "EnigmaNet.BigCache", "EnigmaNet.BigCache\EnigmaNet.BigCache.csproj", "{C5EFA56D-36FF-48CA-A35C-3FC28300DE62}"
EndProject
Project("{FAE04EC0-301F-11D3-BF4B-00C04F79EFBC}") = "EnigmaNet.BigCache.Cos", "EnigmaNet.BigCache.Cos\EnigmaNet.BigCache.Cos.csproj", "{585A2210-A00B-4E0C-94C7-7F6902C33A66}"
EndProject
Project("{FAE04EC0-301F-11D3-BF4B-00C04F79EFBC}") = "EnigmaNet.FeiShuOpenApi", "EnigmaNet.FeiShuOpenApi\EnigmaNet.FeiShuOpenApi.csproj", "{D1F4D326-F151-46A0-B412-A97EDCB7FF11}"
EndProject
Project("{FAE04EC0-301F-11D3-BF4B-00C04F79EFBC}") = "EnigmaNet.Amap", "EnigmaNet.Amap\EnigmaNet.Amap.csproj", "{2210A3BC-0EF0-42BC-92C1-8B209DEF0042}"
EndProject
Project("{FAE04EC0-301F-11D3-BF4B-00C04F79EFBC}") = "EnigmaNet.ChinaDivisions", "EnigmaNet.ChinaDivisions\EnigmaNet.ChinaDivisions.csproj", "{0E4BC57A-60F9-4D7C-B9F0-8D861414F6CC}"
EndProject
Global
	GlobalSection(SolutionConfigurationPlatforms) = preSolution
		Debug|Any CPU = Debug|Any CPU
		Debug|x64 = Debug|x64
		Debug|x86 = Debug|x86
		Release|Any CPU = Release|Any CPU
		Release|x64 = Release|x64
		Release|x86 = Release|x86
	EndGlobalSection
	GlobalSection(ProjectConfigurationPlatforms) = postSolution
		{48D7A176-ED86-4951-88B1-4B8C6BC12142}.Debug|Any CPU.ActiveCfg = Debug|Any CPU
		{48D7A176-ED86-4951-88B1-4B8C6BC12142}.Debug|Any CPU.Build.0 = Debug|Any CPU
		{48D7A176-ED86-4951-88B1-4B8C6BC12142}.Debug|x64.ActiveCfg = Debug|Any CPU
		{48D7A176-ED86-4951-88B1-4B8C6BC12142}.Debug|x64.Build.0 = Debug|Any CPU
		{48D7A176-ED86-4951-88B1-4B8C6BC12142}.Debug|x86.ActiveCfg = Debug|Any CPU
		{48D7A176-ED86-4951-88B1-4B8C6BC12142}.Debug|x86.Build.0 = Debug|Any CPU
		{48D7A176-ED86-4951-88B1-4B8C6BC12142}.Release|Any CPU.ActiveCfg = Release|Any CPU
		{48D7A176-ED86-4951-88B1-4B8C6BC12142}.Release|Any CPU.Build.0 = Release|Any CPU
		{48D7A176-ED86-4951-88B1-4B8C6BC12142}.Release|x64.ActiveCfg = Release|Any CPU
		{48D7A176-ED86-4951-88B1-4B8C6BC12142}.Release|x64.Build.0 = Release|Any CPU
		{48D7A176-ED86-4951-88B1-4B8C6BC12142}.Release|x86.ActiveCfg = Release|Any CPU
		{48D7A176-ED86-4951-88B1-4B8C6BC12142}.Release|x86.Build.0 = Release|Any CPU
		{EE3A73DE-8E6B-42A6-8BBA-B9E740B075DB}.Debug|Any CPU.ActiveCfg = Debug|Any CPU
		{EE3A73DE-8E6B-42A6-8BBA-B9E740B075DB}.Debug|Any CPU.Build.0 = Debug|Any CPU
		{EE3A73DE-8E6B-42A6-8BBA-B9E740B075DB}.Debug|x64.ActiveCfg = Debug|Any CPU
		{EE3A73DE-8E6B-42A6-8BBA-B9E740B075DB}.Debug|x64.Build.0 = Debug|Any CPU
		{EE3A73DE-8E6B-42A6-8BBA-B9E740B075DB}.Debug|x86.ActiveCfg = Debug|Any CPU
		{EE3A73DE-8E6B-42A6-8BBA-B9E740B075DB}.Debug|x86.Build.0 = Debug|Any CPU
		{EE3A73DE-8E6B-42A6-8BBA-B9E740B075DB}.Release|Any CPU.ActiveCfg = Release|Any CPU
		{EE3A73DE-8E6B-42A6-8BBA-B9E740B075DB}.Release|Any CPU.Build.0 = Release|Any CPU
		{EE3A73DE-8E6B-42A6-8BBA-B9E740B075DB}.Release|x64.ActiveCfg = Release|Any CPU
		{EE3A73DE-8E6B-42A6-8BBA-B9E740B075DB}.Release|x64.Build.0 = Release|Any CPU
		{EE3A73DE-8E6B-42A6-8BBA-B9E740B075DB}.Release|x86.ActiveCfg = Release|Any CPU
		{EE3A73DE-8E6B-42A6-8BBA-B9E740B075DB}.Release|x86.Build.0 = Release|Any CPU
		{B869FE67-8F9B-4C71-B8AB-01598B364DC6}.Debug|Any CPU.ActiveCfg = Debug|Any CPU
		{B869FE67-8F9B-4C71-B8AB-01598B364DC6}.Debug|Any CPU.Build.0 = Debug|Any CPU
		{B869FE67-8F9B-4C71-B8AB-01598B364DC6}.Debug|x64.ActiveCfg = Debug|Any CPU
		{B869FE67-8F9B-4C71-B8AB-01598B364DC6}.Debug|x64.Build.0 = Debug|Any CPU
		{B869FE67-8F9B-4C71-B8AB-01598B364DC6}.Debug|x86.ActiveCfg = Debug|Any CPU
		{B869FE67-8F9B-4C71-B8AB-01598B364DC6}.Debug|x86.Build.0 = Debug|Any CPU
		{B869FE67-8F9B-4C71-B8AB-01598B364DC6}.Release|Any CPU.ActiveCfg = Release|Any CPU
		{B869FE67-8F9B-4C71-B8AB-01598B364DC6}.Release|Any CPU.Build.0 = Release|Any CPU
		{B869FE67-8F9B-4C71-B8AB-01598B364DC6}.Release|x64.ActiveCfg = Release|Any CPU
		{B869FE67-8F9B-4C71-B8AB-01598B364DC6}.Release|x64.Build.0 = Release|Any CPU
		{B869FE67-8F9B-4C71-B8AB-01598B364DC6}.Release|x86.ActiveCfg = Release|Any CPU
		{B869FE67-8F9B-4C71-B8AB-01598B364DC6}.Release|x86.Build.0 = Release|Any CPU
		{C8680D13-7008-4855-AB35-510A149AEC18}.Debug|Any CPU.ActiveCfg = Debug|Any CPU
		{C8680D13-7008-4855-AB35-510A149AEC18}.Debug|Any CPU.Build.0 = Debug|Any CPU
		{C8680D13-7008-4855-AB35-510A149AEC18}.Debug|x64.ActiveCfg = Debug|Any CPU
		{C8680D13-7008-4855-AB35-510A149AEC18}.Debug|x64.Build.0 = Debug|Any CPU
		{C8680D13-7008-4855-AB35-510A149AEC18}.Debug|x86.ActiveCfg = Debug|Any CPU
		{C8680D13-7008-4855-AB35-510A149AEC18}.Debug|x86.Build.0 = Debug|Any CPU
		{C8680D13-7008-4855-AB35-510A149AEC18}.Release|Any CPU.ActiveCfg = Release|Any CPU
		{C8680D13-7008-4855-AB35-510A149AEC18}.Release|Any CPU.Build.0 = Release|Any CPU
		{C8680D13-7008-4855-AB35-510A149AEC18}.Release|x64.ActiveCfg = Release|Any CPU
		{C8680D13-7008-4855-AB35-510A149AEC18}.Release|x64.Build.0 = Release|Any CPU
		{C8680D13-7008-4855-AB35-510A149AEC18}.Release|x86.ActiveCfg = Release|Any CPU
		{C8680D13-7008-4855-AB35-510A149AEC18}.Release|x86.Build.0 = Release|Any CPU
		{78095A97-B646-4352-83EE-9A24D070ECEB}.Debug|Any CPU.ActiveCfg = Debug|Any CPU
		{78095A97-B646-4352-83EE-9A24D070ECEB}.Debug|Any CPU.Build.0 = Debug|Any CPU
		{78095A97-B646-4352-83EE-9A24D070ECEB}.Debug|x64.ActiveCfg = Debug|Any CPU
		{78095A97-B646-4352-83EE-9A24D070ECEB}.Debug|x64.Build.0 = Debug|Any CPU
		{78095A97-B646-4352-83EE-9A24D070ECEB}.Debug|x86.ActiveCfg = Debug|Any CPU
		{78095A97-B646-4352-83EE-9A24D070ECEB}.Debug|x86.Build.0 = Debug|Any CPU
		{78095A97-B646-4352-83EE-9A24D070ECEB}.Release|Any CPU.ActiveCfg = Release|Any CPU
		{78095A97-B646-4352-83EE-9A24D070ECEB}.Release|Any CPU.Build.0 = Release|Any CPU
		{78095A97-B646-4352-83EE-9A24D070ECEB}.Release|x64.ActiveCfg = Release|Any CPU
		{78095A97-B646-4352-83EE-9A24D070ECEB}.Release|x64.Build.0 = Release|Any CPU
		{78095A97-B646-4352-83EE-9A24D070ECEB}.Release|x86.ActiveCfg = Release|Any CPU
		{78095A97-B646-4352-83EE-9A24D070ECEB}.Release|x86.Build.0 = Release|Any CPU
		{35ED0C0E-11C4-4B7D-BF0F-E4C4FC500A3C}.Debug|Any CPU.ActiveCfg = Debug|Any CPU
		{35ED0C0E-11C4-4B7D-BF0F-E4C4FC500A3C}.Debug|Any CPU.Build.0 = Debug|Any CPU
		{35ED0C0E-11C4-4B7D-BF0F-E4C4FC500A3C}.Debug|x64.ActiveCfg = Debug|Any CPU
		{35ED0C0E-11C4-4B7D-BF0F-E4C4FC500A3C}.Debug|x64.Build.0 = Debug|Any CPU
		{35ED0C0E-11C4-4B7D-BF0F-E4C4FC500A3C}.Debug|x86.ActiveCfg = Debug|Any CPU
		{35ED0C0E-11C4-4B7D-BF0F-E4C4FC500A3C}.Debug|x86.Build.0 = Debug|Any CPU
		{35ED0C0E-11C4-4B7D-BF0F-E4C4FC500A3C}.Release|Any CPU.ActiveCfg = Release|Any CPU
		{35ED0C0E-11C4-4B7D-BF0F-E4C4FC500A3C}.Release|Any CPU.Build.0 = Release|Any CPU
		{35ED0C0E-11C4-4B7D-BF0F-E4C4FC500A3C}.Release|x64.ActiveCfg = Release|Any CPU
		{35ED0C0E-11C4-4B7D-BF0F-E4C4FC500A3C}.Release|x64.Build.0 = Release|Any CPU
		{35ED0C0E-11C4-4B7D-BF0F-E4C4FC500A3C}.Release|x86.ActiveCfg = Release|Any CPU
		{35ED0C0E-11C4-4B7D-BF0F-E4C4FC500A3C}.Release|x86.Build.0 = Release|Any CPU
		{9DB8E55A-656A-405A-8B0F-72B6CBB9CEEC}.Debug|Any CPU.ActiveCfg = Debug|Any CPU
		{9DB8E55A-656A-405A-8B0F-72B6CBB9CEEC}.Debug|Any CPU.Build.0 = Debug|Any CPU
		{9DB8E55A-656A-405A-8B0F-72B6CBB9CEEC}.Debug|x64.ActiveCfg = Debug|Any CPU
		{9DB8E55A-656A-405A-8B0F-72B6CBB9CEEC}.Debug|x64.Build.0 = Debug|Any CPU
		{9DB8E55A-656A-405A-8B0F-72B6CBB9CEEC}.Debug|x86.ActiveCfg = Debug|Any CPU
		{9DB8E55A-656A-405A-8B0F-72B6CBB9CEEC}.Debug|x86.Build.0 = Debug|Any CPU
		{9DB8E55A-656A-405A-8B0F-72B6CBB9CEEC}.Release|Any CPU.ActiveCfg = Release|Any CPU
		{9DB8E55A-656A-405A-8B0F-72B6CBB9CEEC}.Release|Any CPU.Build.0 = Release|Any CPU
		{9DB8E55A-656A-405A-8B0F-72B6CBB9CEEC}.Release|x64.ActiveCfg = Release|Any CPU
		{9DB8E55A-656A-405A-8B0F-72B6CBB9CEEC}.Release|x64.Build.0 = Release|Any CPU
		{9DB8E55A-656A-405A-8B0F-72B6CBB9CEEC}.Release|x86.ActiveCfg = Release|Any CPU
		{9DB8E55A-656A-405A-8B0F-72B6CBB9CEEC}.Release|x86.Build.0 = Release|Any CPU
		{1429FDC9-8BD6-4844-A50A-358A22AD5D3D}.Debug|Any CPU.ActiveCfg = Debug|Any CPU
		{1429FDC9-8BD6-4844-A50A-358A22AD5D3D}.Debug|Any CPU.Build.0 = Debug|Any CPU
		{1429FDC9-8BD6-4844-A50A-358A22AD5D3D}.Debug|x64.ActiveCfg = Debug|Any CPU
		{1429FDC9-8BD6-4844-A50A-358A22AD5D3D}.Debug|x64.Build.0 = Debug|Any CPU
		{1429FDC9-8BD6-4844-A50A-358A22AD5D3D}.Debug|x86.ActiveCfg = Debug|Any CPU
		{1429FDC9-8BD6-4844-A50A-358A22AD5D3D}.Debug|x86.Build.0 = Debug|Any CPU
		{1429FDC9-8BD6-4844-A50A-358A22AD5D3D}.Release|Any CPU.ActiveCfg = Release|Any CPU
		{1429FDC9-8BD6-4844-A50A-358A22AD5D3D}.Release|Any CPU.Build.0 = Release|Any CPU
		{1429FDC9-8BD6-4844-A50A-358A22AD5D3D}.Release|x64.ActiveCfg = Release|Any CPU
		{1429FDC9-8BD6-4844-A50A-358A22AD5D3D}.Release|x64.Build.0 = Release|Any CPU
		{1429FDC9-8BD6-4844-A50A-358A22AD5D3D}.Release|x86.ActiveCfg = Release|Any CPU
		{1429FDC9-8BD6-4844-A50A-358A22AD5D3D}.Release|x86.Build.0 = Release|Any CPU
		{FA042676-C6CC-4178-B7CC-826A87B7E6C2}.Debug|Any CPU.ActiveCfg = Debug|Any CPU
		{FA042676-C6CC-4178-B7CC-826A87B7E6C2}.Debug|Any CPU.Build.0 = Debug|Any CPU
		{FA042676-C6CC-4178-B7CC-826A87B7E6C2}.Debug|x64.ActiveCfg = Debug|Any CPU
		{FA042676-C6CC-4178-B7CC-826A87B7E6C2}.Debug|x64.Build.0 = Debug|Any CPU
		{FA042676-C6CC-4178-B7CC-826A87B7E6C2}.Debug|x86.ActiveCfg = Debug|Any CPU
		{FA042676-C6CC-4178-B7CC-826A87B7E6C2}.Debug|x86.Build.0 = Debug|Any CPU
		{FA042676-C6CC-4178-B7CC-826A87B7E6C2}.Release|Any CPU.ActiveCfg = Release|Any CPU
		{FA042676-C6CC-4178-B7CC-826A87B7E6C2}.Release|Any CPU.Build.0 = Release|Any CPU
		{FA042676-C6CC-4178-B7CC-826A87B7E6C2}.Release|x64.ActiveCfg = Release|Any CPU
		{FA042676-C6CC-4178-B7CC-826A87B7E6C2}.Release|x64.Build.0 = Release|Any CPU
		{FA042676-C6CC-4178-B7CC-826A87B7E6C2}.Release|x86.ActiveCfg = Release|Any CPU
		{FA042676-C6CC-4178-B7CC-826A87B7E6C2}.Release|x86.Build.0 = Release|Any CPU
		{A24BB96A-D6A6-4187-95C8-59210743B595}.Debug|Any CPU.ActiveCfg = Debug|Any CPU
		{A24BB96A-D6A6-4187-95C8-59210743B595}.Debug|Any CPU.Build.0 = Debug|Any CPU
		{A24BB96A-D6A6-4187-95C8-59210743B595}.Debug|x64.ActiveCfg = Debug|Any CPU
		{A24BB96A-D6A6-4187-95C8-59210743B595}.Debug|x64.Build.0 = Debug|Any CPU
		{A24BB96A-D6A6-4187-95C8-59210743B595}.Debug|x86.ActiveCfg = Debug|Any CPU
		{A24BB96A-D6A6-4187-95C8-59210743B595}.Debug|x86.Build.0 = Debug|Any CPU
		{A24BB96A-D6A6-4187-95C8-59210743B595}.Release|Any CPU.ActiveCfg = Release|Any CPU
		{A24BB96A-D6A6-4187-95C8-59210743B595}.Release|Any CPU.Build.0 = Release|Any CPU
		{A24BB96A-D6A6-4187-95C8-59210743B595}.Release|x64.ActiveCfg = Release|Any CPU
		{A24BB96A-D6A6-4187-95C8-59210743B595}.Release|x64.Build.0 = Release|Any CPU
		{A24BB96A-D6A6-4187-95C8-59210743B595}.Release|x86.ActiveCfg = Release|Any CPU
		{A24BB96A-D6A6-4187-95C8-59210743B595}.Release|x86.Build.0 = Release|Any CPU
		{B8E42A1D-FF0B-4EF1-B4F1-20A018DB6475}.Debug|Any CPU.ActiveCfg = Debug|Any CPU
		{B8E42A1D-FF0B-4EF1-B4F1-20A018DB6475}.Debug|Any CPU.Build.0 = Debug|Any CPU
		{B8E42A1D-FF0B-4EF1-B4F1-20A018DB6475}.Debug|x64.ActiveCfg = Debug|Any CPU
		{B8E42A1D-FF0B-4EF1-B4F1-20A018DB6475}.Debug|x64.Build.0 = Debug|Any CPU
		{B8E42A1D-FF0B-4EF1-B4F1-20A018DB6475}.Debug|x86.ActiveCfg = Debug|Any CPU
		{B8E42A1D-FF0B-4EF1-B4F1-20A018DB6475}.Debug|x86.Build.0 = Debug|Any CPU
		{B8E42A1D-FF0B-4EF1-B4F1-20A018DB6475}.Release|Any CPU.ActiveCfg = Release|Any CPU
		{B8E42A1D-FF0B-4EF1-B4F1-20A018DB6475}.Release|Any CPU.Build.0 = Release|Any CPU
		{B8E42A1D-FF0B-4EF1-B4F1-20A018DB6475}.Release|x64.ActiveCfg = Release|Any CPU
		{B8E42A1D-FF0B-4EF1-B4F1-20A018DB6475}.Release|x64.Build.0 = Release|Any CPU
		{B8E42A1D-FF0B-4EF1-B4F1-20A018DB6475}.Release|x86.ActiveCfg = Release|Any CPU
		{B8E42A1D-FF0B-4EF1-B4F1-20A018DB6475}.Release|x86.Build.0 = Release|Any CPU
		{3AD34F3C-4FDB-487D-B1EE-F151F8AC2779}.Debug|Any CPU.ActiveCfg = Debug|Any CPU
		{3AD34F3C-4FDB-487D-B1EE-F151F8AC2779}.Debug|Any CPU.Build.0 = Debug|Any CPU
		{3AD34F3C-4FDB-487D-B1EE-F151F8AC2779}.Debug|x64.ActiveCfg = Debug|Any CPU
		{3AD34F3C-4FDB-487D-B1EE-F151F8AC2779}.Debug|x64.Build.0 = Debug|Any CPU
		{3AD34F3C-4FDB-487D-B1EE-F151F8AC2779}.Debug|x86.ActiveCfg = Debug|Any CPU
		{3AD34F3C-4FDB-487D-B1EE-F151F8AC2779}.Debug|x86.Build.0 = Debug|Any CPU
		{3AD34F3C-4FDB-487D-B1EE-F151F8AC2779}.Release|Any CPU.ActiveCfg = Release|Any CPU
		{3AD34F3C-4FDB-487D-B1EE-F151F8AC2779}.Release|Any CPU.Build.0 = Release|Any CPU
		{3AD34F3C-4FDB-487D-B1EE-F151F8AC2779}.Release|x64.ActiveCfg = Release|Any CPU
		{3AD34F3C-4FDB-487D-B1EE-F151F8AC2779}.Release|x64.Build.0 = Release|Any CPU
		{3AD34F3C-4FDB-487D-B1EE-F151F8AC2779}.Release|x86.ActiveCfg = Release|Any CPU
		{3AD34F3C-4FDB-487D-B1EE-F151F8AC2779}.Release|x86.Build.0 = Release|Any CPU
		{E7C01341-2E39-41D0-BA5C-7EFC75AF9157}.Debug|Any CPU.ActiveCfg = Debug|Any CPU
		{E7C01341-2E39-41D0-BA5C-7EFC75AF9157}.Debug|Any CPU.Build.0 = Debug|Any CPU
		{E7C01341-2E39-41D0-BA5C-7EFC75AF9157}.Debug|x64.ActiveCfg = Debug|Any CPU
		{E7C01341-2E39-41D0-BA5C-7EFC75AF9157}.Debug|x64.Build.0 = Debug|Any CPU
		{E7C01341-2E39-41D0-BA5C-7EFC75AF9157}.Debug|x86.ActiveCfg = Debug|Any CPU
		{E7C01341-2E39-41D0-BA5C-7EFC75AF9157}.Debug|x86.Build.0 = Debug|Any CPU
		{E7C01341-2E39-41D0-BA5C-7EFC75AF9157}.Release|Any CPU.ActiveCfg = Release|Any CPU
		{E7C01341-2E39-41D0-BA5C-7EFC75AF9157}.Release|Any CPU.Build.0 = Release|Any CPU
		{E7C01341-2E39-41D0-BA5C-7EFC75AF9157}.Release|x64.ActiveCfg = Release|Any CPU
		{E7C01341-2E39-41D0-BA5C-7EFC75AF9157}.Release|x64.Build.0 = Release|Any CPU
		{E7C01341-2E39-41D0-BA5C-7EFC75AF9157}.Release|x86.ActiveCfg = Release|Any CPU
		{E7C01341-2E39-41D0-BA5C-7EFC75AF9157}.Release|x86.Build.0 = Release|Any CPU
		{18C9E4CC-66B2-4E97-A699-8130A908BA13}.Debug|Any CPU.ActiveCfg = Debug|Any CPU
		{18C9E4CC-66B2-4E97-A699-8130A908BA13}.Debug|Any CPU.Build.0 = Debug|Any CPU
		{18C9E4CC-66B2-4E97-A699-8130A908BA13}.Debug|x64.ActiveCfg = Debug|Any CPU
		{18C9E4CC-66B2-4E97-A699-8130A908BA13}.Debug|x64.Build.0 = Debug|Any CPU
		{18C9E4CC-66B2-4E97-A699-8130A908BA13}.Debug|x86.ActiveCfg = Debug|Any CPU
		{18C9E4CC-66B2-4E97-A699-8130A908BA13}.Debug|x86.Build.0 = Debug|Any CPU
		{18C9E4CC-66B2-4E97-A699-8130A908BA13}.Release|Any CPU.ActiveCfg = Release|Any CPU
		{18C9E4CC-66B2-4E97-A699-8130A908BA13}.Release|Any CPU.Build.0 = Release|Any CPU
		{18C9E4CC-66B2-4E97-A699-8130A908BA13}.Release|x64.ActiveCfg = Release|Any CPU
		{18C9E4CC-66B2-4E97-A699-8130A908BA13}.Release|x64.Build.0 = Release|Any CPU
		{18C9E4CC-66B2-4E97-A699-8130A908BA13}.Release|x86.ActiveCfg = Release|Any CPU
		{18C9E4CC-66B2-4E97-A699-8130A908BA13}.Release|x86.Build.0 = Release|Any CPU
		{31B90EDE-203A-4721-85C6-4645D56FE8B0}.Debug|Any CPU.ActiveCfg = Debug|Any CPU
		{31B90EDE-203A-4721-85C6-4645D56FE8B0}.Debug|Any CPU.Build.0 = Debug|Any CPU
		{31B90EDE-203A-4721-85C6-4645D56FE8B0}.Debug|x64.ActiveCfg = Debug|Any CPU
		{31B90EDE-203A-4721-85C6-4645D56FE8B0}.Debug|x64.Build.0 = Debug|Any CPU
		{31B90EDE-203A-4721-85C6-4645D56FE8B0}.Debug|x86.ActiveCfg = Debug|Any CPU
		{31B90EDE-203A-4721-85C6-4645D56FE8B0}.Debug|x86.Build.0 = Debug|Any CPU
		{31B90EDE-203A-4721-85C6-4645D56FE8B0}.Release|Any CPU.ActiveCfg = Release|Any CPU
		{31B90EDE-203A-4721-85C6-4645D56FE8B0}.Release|Any CPU.Build.0 = Release|Any CPU
		{31B90EDE-203A-4721-85C6-4645D56FE8B0}.Release|x64.ActiveCfg = Release|Any CPU
		{31B90EDE-203A-4721-85C6-4645D56FE8B0}.Release|x64.Build.0 = Release|Any CPU
		{31B90EDE-203A-4721-85C6-4645D56FE8B0}.Release|x86.ActiveCfg = Release|Any CPU
		{31B90EDE-203A-4721-85C6-4645D56FE8B0}.Release|x86.Build.0 = Release|Any CPU
		{B54BC44D-42B7-40A0-992F-D736DA619287}.Debug|Any CPU.ActiveCfg = Debug|Any CPU
		{B54BC44D-42B7-40A0-992F-D736DA619287}.Debug|Any CPU.Build.0 = Debug|Any CPU
		{B54BC44D-42B7-40A0-992F-D736DA619287}.Debug|x64.ActiveCfg = Debug|Any CPU
		{B54BC44D-42B7-40A0-992F-D736DA619287}.Debug|x64.Build.0 = Debug|Any CPU
		{B54BC44D-42B7-40A0-992F-D736DA619287}.Debug|x86.ActiveCfg = Debug|Any CPU
		{B54BC44D-42B7-40A0-992F-D736DA619287}.Debug|x86.Build.0 = Debug|Any CPU
		{B54BC44D-42B7-40A0-992F-D736DA619287}.Release|Any CPU.ActiveCfg = Release|Any CPU
		{B54BC44D-42B7-40A0-992F-D736DA619287}.Release|Any CPU.Build.0 = Release|Any CPU
		{B54BC44D-42B7-40A0-992F-D736DA619287}.Release|x64.ActiveCfg = Release|Any CPU
		{B54BC44D-42B7-40A0-992F-D736DA619287}.Release|x64.Build.0 = Release|Any CPU
		{B54BC44D-42B7-40A0-992F-D736DA619287}.Release|x86.ActiveCfg = Release|Any CPU
		{B54BC44D-42B7-40A0-992F-D736DA619287}.Release|x86.Build.0 = Release|Any CPU
		{C5EFA56D-36FF-48CA-A35C-3FC28300DE62}.Debug|Any CPU.ActiveCfg = Debug|Any CPU
		{C5EFA56D-36FF-48CA-A35C-3FC28300DE62}.Debug|Any CPU.Build.0 = Debug|Any CPU
		{C5EFA56D-36FF-48CA-A35C-3FC28300DE62}.Debug|x64.ActiveCfg = Debug|Any CPU
		{C5EFA56D-36FF-48CA-A35C-3FC28300DE62}.Debug|x64.Build.0 = Debug|Any CPU
		{C5EFA56D-36FF-48CA-A35C-3FC28300DE62}.Debug|x86.ActiveCfg = Debug|Any CPU
		{C5EFA56D-36FF-48CA-A35C-3FC28300DE62}.Debug|x86.Build.0 = Debug|Any CPU
		{C5EFA56D-36FF-48CA-A35C-3FC28300DE62}.Release|Any CPU.ActiveCfg = Release|Any CPU
		{C5EFA56D-36FF-48CA-A35C-3FC28300DE62}.Release|Any CPU.Build.0 = Release|Any CPU
		{C5EFA56D-36FF-48CA-A35C-3FC28300DE62}.Release|x64.ActiveCfg = Release|Any CPU
		{C5EFA56D-36FF-48CA-A35C-3FC28300DE62}.Release|x64.Build.0 = Release|Any CPU
		{C5EFA56D-36FF-48CA-A35C-3FC28300DE62}.Release|x86.ActiveCfg = Release|Any CPU
		{C5EFA56D-36FF-48CA-A35C-3FC28300DE62}.Release|x86.Build.0 = Release|Any CPU
		{585A2210-A00B-4E0C-94C7-7F6902C33A66}.Debug|Any CPU.ActiveCfg = Debug|Any CPU
		{585A2210-A00B-4E0C-94C7-7F6902C33A66}.Debug|Any CPU.Build.0 = Debug|Any CPU
		{585A2210-A00B-4E0C-94C7-7F6902C33A66}.Debug|x64.ActiveCfg = Debug|Any CPU
		{585A2210-A00B-4E0C-94C7-7F6902C33A66}.Debug|x64.Build.0 = Debug|Any CPU
		{585A2210-A00B-4E0C-94C7-7F6902C33A66}.Debug|x86.ActiveCfg = Debug|Any CPU
		{585A2210-A00B-4E0C-94C7-7F6902C33A66}.Debug|x86.Build.0 = Debug|Any CPU
		{585A2210-A00B-4E0C-94C7-7F6902C33A66}.Release|Any CPU.ActiveCfg = Release|Any CPU
		{585A2210-A00B-4E0C-94C7-7F6902C33A66}.Release|Any CPU.Build.0 = Release|Any CPU
		{585A2210-A00B-4E0C-94C7-7F6902C33A66}.Release|x64.ActiveCfg = Release|Any CPU
		{585A2210-A00B-4E0C-94C7-7F6902C33A66}.Release|x64.Build.0 = Release|Any CPU
		{585A2210-A00B-4E0C-94C7-7F6902C33A66}.Release|x86.ActiveCfg = Release|Any CPU
		{585A2210-A00B-4E0C-94C7-7F6902C33A66}.Release|x86.Build.0 = Release|Any CPU
		{D1F4D326-F151-46A0-B412-A97EDCB7FF11}.Debug|Any CPU.ActiveCfg = Debug|Any CPU
		{D1F4D326-F151-46A0-B412-A97EDCB7FF11}.Debug|Any CPU.Build.0 = Debug|Any CPU
		{D1F4D326-F151-46A0-B412-A97EDCB7FF11}.Debug|x64.ActiveCfg = Debug|Any CPU
		{D1F4D326-F151-46A0-B412-A97EDCB7FF11}.Debug|x64.Build.0 = Debug|Any CPU
		{D1F4D326-F151-46A0-B412-A97EDCB7FF11}.Debug|x86.ActiveCfg = Debug|Any CPU
		{D1F4D326-F151-46A0-B412-A97EDCB7FF11}.Debug|x86.Build.0 = Debug|Any CPU
		{D1F4D326-F151-46A0-B412-A97EDCB7FF11}.Release|Any CPU.ActiveCfg = Release|Any CPU
		{D1F4D326-F151-46A0-B412-A97EDCB7FF11}.Release|Any CPU.Build.0 = Release|Any CPU
		{D1F4D326-F151-46A0-B412-A97EDCB7FF11}.Release|x64.ActiveCfg = Release|Any CPU
		{D1F4D326-F151-46A0-B412-A97EDCB7FF11}.Release|x64.Build.0 = Release|Any CPU
		{D1F4D326-F151-46A0-B412-A97EDCB7FF11}.Release|x86.ActiveCfg = Release|Any CPU
		{D1F4D326-F151-46A0-B412-A97EDCB7FF11}.Release|x86.Build.0 = Release|Any CPU
		{2210A3BC-0EF0-42BC-92C1-8B209DEF0042}.Debug|Any CPU.ActiveCfg = Debug|Any CPU
		{2210A3BC-0EF0-42BC-92C1-8B209DEF0042}.Debug|Any CPU.Build.0 = Debug|Any CPU
		{2210A3BC-0EF0-42BC-92C1-8B209DEF0042}.Debug|x64.ActiveCfg = Debug|Any CPU
		{2210A3BC-0EF0-42BC-92C1-8B209DEF0042}.Debug|x64.Build.0 = Debug|Any CPU
		{2210A3BC-0EF0-42BC-92C1-8B209DEF0042}.Debug|x86.ActiveCfg = Debug|Any CPU
		{2210A3BC-0EF0-42BC-92C1-8B209DEF0042}.Debug|x86.Build.0 = Debug|Any CPU
		{2210A3BC-0EF0-42BC-92C1-8B209DEF0042}.Release|Any CPU.ActiveCfg = Release|Any CPU
		{2210A3BC-0EF0-42BC-92C1-8B209DEF0042}.Release|Any CPU.Build.0 = Release|Any CPU
		{2210A3BC-0EF0-42BC-92C1-8B209DEF0042}.Release|x64.ActiveCfg = Release|Any CPU
		{2210A3BC-0EF0-42BC-92C1-8B209DEF0042}.Release|x64.Build.0 = Release|Any CPU
		{2210A3BC-0EF0-42BC-92C1-8B209DEF0042}.Release|x86.ActiveCfg = Release|Any CPU
		{2210A3BC-0EF0-42BC-92C1-8B209DEF0042}.Release|x86.Build.0 = Release|Any CPU
		{0E4BC57A-60F9-4D7C-B9F0-8D861414F6CC}.Debug|Any CPU.ActiveCfg = Debug|Any CPU
		{0E4BC57A-60F9-4D7C-B9F0-8D861414F6CC}.Debug|Any CPU.Build.0 = Debug|Any CPU
		{0E4BC57A-60F9-4D7C-B9F0-8D861414F6CC}.Debug|x64.ActiveCfg = Debug|Any CPU
		{0E4BC57A-60F9-4D7C-B9F0-8D861414F6CC}.Debug|x64.Build.0 = Debug|Any CPU
		{0E4BC57A-60F9-4D7C-B9F0-8D861414F6CC}.Debug|x86.ActiveCfg = Debug|Any CPU
		{0E4BC57A-60F9-4D7C-B9F0-8D861414F6CC}.Debug|x86.Build.0 = Debug|Any CPU
		{0E4BC57A-60F9-4D7C-B9F0-8D861414F6CC}.Release|Any CPU.ActiveCfg = Release|Any CPU
		{0E4BC57A-60F9-4D7C-B9F0-8D861414F6CC}.Release|Any CPU.Build.0 = Release|Any CPU
		{0E4BC57A-60F9-4D7C-B9F0-8D861414F6CC}.Release|x64.ActiveCfg = Release|Any CPU
		{0E4BC57A-60F9-4D7C-B9F0-8D861414F6CC}.Release|x64.Build.0 = Release|Any CPU
		{0E4BC57A-60F9-4D7C-B9F0-8D861414F6CC}.Release|x86.ActiveCfg = Release|Any CPU
		{0E4BC57A-60F9-4D7C-B9F0-8D861414F6CC}.Release|x86.Build.0 = Release|Any CPU
	EndGlobalSection
	GlobalSection(SolutionProperties) = preSolution
		HideSolutionNode = FALSE
	EndGlobalSection
	GlobalSection(ExtensibilityGlobals) = postSolution
		SolutionGuid = {7B96DD87-78BD-4C1A-A471-2EDC6A666B62}
	EndGlobalSection
EndGlobal
